
Microsoft Visual Studio Solution File, Format Version 12.00
# Visual Studio Version 17
VisualStudioVersion = 17.3.32901.215
MinimumVisualStudioVersion = 10.0.40219.1
Project("{FAE04EC0-301F-11D3-BF4B-00C04F79EFBC}") = "button.ornek.18", "button.ornek.18\button.ornek.18.csproj", "{637B8FB7-7175-460E-992C-570F1378791F}"
EndProject
Global
	GlobalSection(SolutionConfigurationPlatforms) = preSolution
		Debug|Any CPU = Debug|Any CPU
		Release|Any CPU = Release|Any CPU
	EndGlobalSection
	GlobalSection(ProjectConfigurationPlatforms) = postSolution
		{637B8FB7-7175-460E-992C-570F1378791F}.Debug|Any CPU.ActiveCfg = Debug|Any CPU
		{637B8FB7-7175-460E-992C-570F1378791F}.Debug|Any CPU.Build.0 = Debug|Any CPU
		{637B8FB7-7175-460E-992C-570F1378791F}.Release|Any CPU.ActiveCfg = Release|Any CPU
		{637B8FB7-7175-460E-992C-570F1378791F}.Release|Any CPU.Build.0 = Release|Any CPU
	EndGlobalSection
	GlobalSection(SolutionProperties) = preSolution
		HideSolutionNode = FALSE
	EndGlobalSection
	GlobalSection(ExtensibilityGlobals) = postSolution
		SolutionGuid = {7B49A2EB-EE88-404D-998F-A2BA523D5303}
	EndGlobalSection
EndGlobal
